
Microsoft Visual Studio Solution File, Format Version 11.00
# Visual Studio 2010
Project("{FAE04EC0-301F-11D3-BF4B-00C04F79EFBC}") = "footsteps", "Assembly-CSharp.csproj", "{D1713037-FC63-57E0-6779-ECA0538280B3}"
EndProject
Global
	GlobalSection(SolutionConfigurationPlatforms) = preSolution
		Debug|Any CPU = Debug|Any CPU
		Release|Any CPU = Release|Any CPU
	EndGlobalSection
	GlobalSection(ProjectConfigurationPlatforms) = postSolution
		{D1713037-FC63-57E0-6779-ECA0538280B3}.Debug|Any CPU.ActiveCfg = Debug|Any CPU
		{D1713037-FC63-57E0-6779-ECA0538280B3}.Debug|Any CPU.Build.0 = Debug|Any CPU
		{D1713037-FC63-57E0-6779-ECA0538280B3}.Release|Any CPU.ActiveCfg = Release|Any CPU
		{D1713037-FC63-57E0-6779-ECA0538280B3}.Release|Any CPU.Build.0 = Release|Any CPU
	EndGlobalSection
	GlobalSection(SolutionProperties) = preSolution
		HideSolutionNode = FALSE
	EndGlobalSection
	GlobalSection(MonoDevelopProperties) = preSolution
		StartupItem = Assembly-CSharp.csproj
	EndGlobalSection
EndGlobal
